
Microsoft Visual Studio Solution File, Format Version 12.00
# Visual Studio 15
VisualStudioVersion = 15.0.26430.6
MinimumVisualStudioVersion = 10.0.40219.1
Project("{FAE04EC0-301F-11D3-BF4B-00C04F79EFBC}") = "GeneradorClimas", "GeneradorClimas\GeneradorClimas.csproj", "{B7E8715D-8C21-44ED-82FE-FBB0A3DD69C6}"
EndProject
Project("{FAE04EC0-301F-11D3-BF4B-00C04F79EFBC}") = "GeneradorClimas.Tests", "GeneradorClimas.Tests\GeneradorClimas.Tests.csproj", "{1EC39A31-AE0A-421F-BF5C-0EA303F99C7D}"
EndProject
Project("{FAE04EC0-301F-11D3-BF4B-00C04F79EFBC}") = "GeneradorClimas.WebApi", "GeneradorClimas.WebApi\GeneradorClimas.WebApi.csproj", "{FAAF5196-8E8C-4DA0-A179-738CBB4E5C0C}"
EndProject
Global
	GlobalSection(SolutionConfigurationPlatforms) = preSolution
		Debug|Any CPU = Debug|Any CPU
		Release|Any CPU = Release|Any CPU
	EndGlobalSection
	GlobalSection(ProjectConfigurationPlatforms) = postSolution
		{B7E8715D-8C21-44ED-82FE-FBB0A3DD69C6}.Debug|Any CPU.ActiveCfg = Debug|Any CPU
		{B7E8715D-8C21-44ED-82FE-FBB0A3DD69C6}.Debug|Any CPU.Build.0 = Debug|Any CPU
		{B7E8715D-8C21-44ED-82FE-FBB0A3DD69C6}.Release|Any CPU.ActiveCfg = Release|Any CPU
		{B7E8715D-8C21-44ED-82FE-FBB0A3DD69C6}.Release|Any CPU.Build.0 = Release|Any CPU
		{1EC39A31-AE0A-421F-BF5C-0EA303F99C7D}.Debug|Any CPU.ActiveCfg = Debug|Any CPU
		{1EC39A31-AE0A-421F-BF5C-0EA303F99C7D}.Debug|Any CPU.Build.0 = Debug|Any CPU
		{1EC39A31-AE0A-421F-BF5C-0EA303F99C7D}.Release|Any CPU.ActiveCfg = Release|Any CPU
		{1EC39A31-AE0A-421F-BF5C-0EA303F99C7D}.Release|Any CPU.Build.0 = Release|Any CPU
		{FAAF5196-8E8C-4DA0-A179-738CBB4E5C0C}.Debug|Any CPU.ActiveCfg = Debug|Any CPU
		{FAAF5196-8E8C-4DA0-A179-738CBB4E5C0C}.Debug|Any CPU.Build.0 = Debug|Any CPU
		{FAAF5196-8E8C-4DA0-A179-738CBB4E5C0C}.Release|Any CPU.ActiveCfg = Release|Any CPU
		{FAAF5196-8E8C-4DA0-A179-738CBB4E5C0C}.Release|Any CPU.Build.0 = Release|Any CPU
	EndGlobalSection
	GlobalSection(SolutionProperties) = preSolution
		HideSolutionNode = FALSE
	EndGlobalSection
EndGlobal
